
Microsoft Visual Studio Solution File, Format Version 12.00
# Visual Studio Version 16
VisualStudioVersion = 16.0.32228.343
MinimumVisualStudioVersion = 10.0.40219.1
Project("{FAE04EC0-301F-11D3-BF4B-00C04F79EFBC}") = "OnlineShopDatabase", "OnlineShopDatabase\OnlineShopDatabase.csproj", "{7E6929B2-D227-45F0-852F-7C02EDE985CF}"
EndProject
Project("{9A19103F-16F7-4668-BE54-9A1E7A4F7556}") = "WebAPI", "WebAPI\WebAPI.csproj", "{91F05A80-599E-4B56-B220-EEE584E1EA61}"
EndProject
Global
	GlobalSection(SolutionConfigurationPlatforms) = preSolution
		Debug|Any CPU = Debug|Any CPU
		Release|Any CPU = Release|Any CPU
	EndGlobalSection
	GlobalSection(ProjectConfigurationPlatforms) = postSolution
		{7E6929B2-D227-45F0-852F-7C02EDE985CF}.Debug|Any CPU.ActiveCfg = Debug|Any CPU
		{7E6929B2-D227-45F0-852F-7C02EDE985CF}.Debug|Any CPU.Build.0 = Debug|Any CPU
		{7E6929B2-D227-45F0-852F-7C02EDE985CF}.Release|Any CPU.ActiveCfg = Release|Any CPU
		{7E6929B2-D227-45F0-852F-7C02EDE985CF}.Release|Any CPU.Build.0 = Release|Any CPU
		{91F05A80-599E-4B56-B220-EEE584E1EA61}.Debug|Any CPU.ActiveCfg = Debug|Any CPU
		{91F05A80-599E-4B56-B220-EEE584E1EA61}.Debug|Any CPU.Build.0 = Debug|Any CPU
		{91F05A80-599E-4B56-B220-EEE584E1EA61}.Release|Any CPU.ActiveCfg = Release|Any CPU
		{91F05A80-599E-4B56-B220-EEE584E1EA61}.Release|Any CPU.Build.0 = Release|Any CPU
	EndGlobalSection
	GlobalSection(SolutionProperties) = preSolution
		HideSolutionNode = FALSE
	EndGlobalSection
	GlobalSection(ExtensibilityGlobals) = postSolution
		SolutionGuid = {95938340-4AE1-495C-95A1-FCCCF6A670DB}
	EndGlobalSection
EndGlobal
